github.com/creack/goselect v0.1.2 h1:2DNy14+JPjRBgPzAd1thbQp4BSIihxcBf0IXhQXDRa0=
github.com/creack/goselect v0.1.2/go.mod h1:a/NhLweNvqIYMuxcMOuWY516Cimucms3DglDzQP3hKY=
github.com/davecgh/go-spew v1.1.1 h1:vj9j/u1bqnvCEfJOwUhtlOARqs3+rkHYY13jYWTU97c=
github.com/davecgh/go-spew v1.1.1/go.mod h1:J7Y8YcW2NihsgmVo/mv3lAwl/skON4iLHjSsI+c5H38=
github.com/go-pdf/fpdf v0.9.0 h1:PPvSaUuo1iMi9KkaAn90NuKi+P4gwMedWPHhj8YlJQw=
github.com/go-pdf/fpdf v0.9.0/go.mod h1:oO8N111TkmKb9D7VvWGLvLJlaZUQVPM+6V42pp3iV4Y=
github.com/pmezard/go-difflib v1.0.0 h1:4DBwDE0NGyQoBHbLQYPwSUPoCMWR5BEzIk/f1lZbAQM=
github.com/pmezard/go-difflib v1.0.0/go.mod h1:iKH77koFhYxTK1pcRnkKkqfTogsbg7gZNVY4sRDYZ/4=
github.com/rothskeller/packet v1.8.4 h1:ePAif4gcCwFAUgSnkckMf2GKr94a1BhbwgE91Y9VCXk=
github.com/rothskeller/packet v1.8.4/go.mod h1:3DN0p9HaNF5UgOHu2EgMugwbgz+NbJzNmzrtV62nvHs=
github.com/rothskeller/pdf v1.2.0 h1:EwDK/pW5XHyeRjYSrXkDUJROF1MyRZ2Nco6n9ejTPPc=
github.com/rothskeller/pdf v1.2.0/go.mod h1:LVIMDkp7uQUg7KbvPITMJKZstZO53+X92QQSFM+pwHY=
github.com/spf13/pflag v1.0.5 h1:iy+VFUOCP1a+8yFto/drg2CJ5u0yRoB7fZw3DKv/JXA=
github.com/spf13/pflag v1.0.5/go.mod h1:McXfInJRrz4CZXVZOBLb0bTZqETkiAhM9Iw0y3An2Bg=
github.com/stretchr/testify v1.7.0 h1:nwc3DEeHmmLAfoZucVR881uASk0Mfjw8xYJ99tb5CcY=
github.com/stretchr/testify v1.7.0/go.mod h1:6Fq8oRcR53rry900zMqJjRRixrwX3KX962/h/Wwjteg=
go.bug.st/serial v1.6.0 h1:mAbRGN4cKE2J5gMwsMHC2KQisdLRQssO9WSM+rbZJ8A=
go.bug.st/serial v1.6.0/go.mod h1:UABfsluHAiaNI+La2iESysd9Vetq7VRdpxvjx7CmmOE=
golang.org/x/exp v0.0.0-20230801115018-d63ba01acd4b h1:r+vk0EmXNmekl0S0BascoeeoHk/L7wmaW2QF90K+kYI=
golang.org/x/exp v0.0.0-20230801115018-d63ba01acd4b/go.mod h1:FXUEEKJgO7OQYeo8N01OfiKP8RXMtf6e8aTskBGqWdc=
golang.org/x/sys v0.11.0 h1:eG7RXZHdqOJ1i+0lgLgCpSXAp6M3LYlAo6osgSi0xOM=
golang.org/x/sys v0.11.0/go.mod h1:oPkhp1MJrh7nUepCBck5+mAzfO9JrbApNNgaTdGDITg=
golang.org/x/term v0.10.0 h1:3R7pNqamzBraeqj/Tj8qt1aQ2HpmlC+Cx/qL/7hn4/c=
golang.org/x/term v0.10.0/go.mod h1:lpqdcUyK/oCiQxvxVrppt5ggO2KCZ5QblwqPnfZ6d5o=
gopkg.in/yaml.v3 v3.0.0-20200313102051-9f266ea9e77c h1:dUUwHk2QECo/6vqA44rthZ8ie2QXMNeKRTHCNY2nXvo=
gopkg.in/yaml.v3 v3.0.0-20200313102051-9f266ea9e77c/go.mod h1:K4uyk7z7BCEPqu6E+C64Yfv1cQ7kz7rIZviUmN+EgEM=
